
Microsoft Visual Studio Solution File, Format Version 12.00
# Visual Studio Version 17
VisualStudioVersion = 17.11.35431.28
MinimumVisualStudioVersion = 10.0.40219.1
Project("{9A19103F-16F7-4668-BE54-9A1E7A4F7556}") = "LibraryManagementSystemAPI", "LibraryManagementSystemAPI.csproj", "{3CF6B3B9-120B-4521-BE2E-23EBCF07F611}"
EndProject
Project("{9A19103F-16F7-4668-BE54-9A1E7A4F7556}") = "LibraryManagementSystemAPIBussinesLayer", "..\LibraryManagementSystemAPIBussinesLayer\LibraryManagementSystemAPIBussinesLayer.csproj", "{ED024439-C461-4F3F-8354-D66C00220B83}"
EndProject
Project("{9A19103F-16F7-4668-BE54-9A1E7A4F7556}") = "LibraryManagementSystemAPIDataAccessLayer", "..\LibraryManagementSystemAPIDataAccessLayer\LibraryManagementSystemAPIDataAccessLayer.csproj", "{A9FE7A73-C43A-432E-8D50-79A2A94502A6}"
EndProject
Project("{FAE04EC0-301F-11D3-BF4B-00C04F79EFBC}") = "SharedClasses", "..\SharedClasses\SharedClasses.csproj", "{1E29095A-3737-4520-84AC-E437A2C56518}"
EndProject
Global
	GlobalSection(SolutionConfigurationPlatforms) = preSolution
		Debug|Any CPU = Debug|Any CPU
		Release|Any CPU = Release|Any CPU
	EndGlobalSection
	GlobalSection(ProjectConfigurationPlatforms) = postSolution
		{3CF6B3B9-120B-4521-BE2E-23EBCF07F611}.Debug|Any CPU.ActiveCfg = Debug|Any CPU
		{3CF6B3B9-120B-4521-BE2E-23EBCF07F611}.Debug|Any CPU.Build.0 = Debug|Any CPU
		{3CF6B3B9-120B-4521-BE2E-23EBCF07F611}.Release|Any CPU.ActiveCfg = Release|Any CPU
		{3CF6B3B9-120B-4521-BE2E-23EBCF07F611}.Release|Any CPU.Build.0 = Release|Any CPU
		{ED024439-C461-4F3F-8354-D66C00220B83}.Debug|Any CPU.ActiveCfg = Debug|Any CPU
		{ED024439-C461-4F3F-8354-D66C00220B83}.Debug|Any CPU.Build.0 = Debug|Any CPU
		{ED024439-C461-4F3F-8354-D66C00220B83}.Release|Any CPU.ActiveCfg = Release|Any CPU
		{ED024439-C461-4F3F-8354-D66C00220B83}.Release|Any CPU.Build.0 = Release|Any CPU
		{A9FE7A73-C43A-432E-8D50-79A2A94502A6}.Debug|Any CPU.ActiveCfg = Debug|Any CPU
		{A9FE7A73-C43A-432E-8D50-79A2A94502A6}.Debug|Any CPU.Build.0 = Debug|Any CPU
		{A9FE7A73-C43A-432E-8D50-79A2A94502A6}.Release|Any CPU.ActiveCfg = Release|Any CPU
		{A9FE7A73-C43A-432E-8D50-79A2A94502A6}.Release|Any CPU.Build.0 = Release|Any CPU
		{1E29095A-3737-4520-84AC-E437A2C56518}.Debug|Any CPU.ActiveCfg = Debug|Any CPU
		{1E29095A-3737-4520-84AC-E437A2C56518}.Debug|Any CPU.Build.0 = Debug|Any CPU
		{1E29095A-3737-4520-84AC-E437A2C56518}.Release|Any CPU.ActiveCfg = Release|Any CPU
		{1E29095A-3737-4520-84AC-E437A2C56518}.Release|Any CPU.Build.0 = Release|Any CPU
	EndGlobalSection
	GlobalSection(SolutionProperties) = preSolution
		HideSolutionNode = FALSE
	EndGlobalSection
	GlobalSection(ExtensibilityGlobals) = postSolution
		SolutionGuid = {124A8216-FF1D-45F0-A624-DD3266E4EAF9}
	EndGlobalSection
EndGlobal
